
Microsoft Visual Studio Solution File, Format Version 12.00
# Visual Studio Version 16
VisualStudioVersion = 16.0.33328.57
MinimumVisualStudioVersion = 10.0.40219.1
Project("{FAE04EC0-301F-11D3-BF4B-00C04F79EFBC}") = "LeagueApp", "LeagueApp.csproj", "{B921A75F-8C67-489A-9F5C-6DD44A4EC37C}"
EndProject
Global
	GlobalSection(SolutionConfigurationPlatforms) = preSolution
		Debug|Any CPU = Debug|Any CPU
		Release|Any CPU = Release|Any CPU
	EndGlobalSection
	GlobalSection(ProjectConfigurationPlatforms) = postSolution
		{B921A75F-8C67-489A-9F5C-6DD44A4EC37C}.Debug|Any CPU.ActiveCfg = Debug|Any CPU
		{B921A75F-8C67-489A-9F5C-6DD44A4EC37C}.Debug|Any CPU.Build.0 = Debug|Any CPU
		{B921A75F-8C67-489A-9F5C-6DD44A4EC37C}.Release|Any CPU.ActiveCfg = Release|Any CPU
		{B921A75F-8C67-489A-9F5C-6DD44A4EC37C}.Release|Any CPU.Build.0 = Release|Any CPU
	EndGlobalSection
	GlobalSection(SolutionProperties) = preSolution
		HideSolutionNode = FALSE
	EndGlobalSection
	GlobalSection(ExtensibilityGlobals) = postSolution
		SolutionGuid = {A12D7877-9445-43AE-A769-8B3821A389FC}
	EndGlobalSection
EndGlobal
